
Microsoft Visual Studio Solution File, Format Version 12.00
# Visual Studio Version 17
VisualStudioVersion = 17.5.33516.290
MinimumVisualStudioVersion = 10.0.40219.1
Project("{9A19103F-16F7-4668-BE54-9A1E7A4F7556}") = "3T.StaffSphere.Common", "3T.Gestproj.Common\3T.StaffSphere.Common.csproj", "{4DC788F1-F0F7-49DB-B022-7F29C317342B}"
EndProject
Project("{9A19103F-16F7-4668-BE54-9A1E7A4F7556}") = "3T.StaffSphere.Domain", "3T.Gestproj.Domain\3T.StaffSphere.Domain.csproj", "{7ACAE757-878F-49AD-BE9F-C192A062142F}"
EndProject
Project("{9A19103F-16F7-4668-BE54-9A1E7A4F7556}") = "3T.StaffSphere.Persistence", "3T.Gestproj.Persistence\3T.StaffSphere.Persistence.csproj", "{9FE4C0D0-0701-4F2F-B106-401946FB69ED}"
EndProject
Project("{9A19103F-16F7-4668-BE54-9A1E7A4F7556}") = "3T.StaffSphere.Application", "3T.Gestproj.Application\3T.StaffSphere.Application.csproj", "{62D25051-715B-4EFC-8A76-9B9EC8C3021C}"
EndProject
Project("{9A19103F-16F7-4668-BE54-9A1E7A4F7556}") = "3T.StaffSphere.Infrastructure", "3T.Gestproj.Infrastructure\3T.StaffSphere.Infrastructure.csproj", "{755ED57B-A905-4408-86DC-78DF1206CD10}"
EndProject
Project("{9A19103F-16F7-4668-BE54-9A1E7A4F7556}") = "3T.StaffSphere.RestApp", "3T.Gestproj.RestApp\3T.StaffSphere.RestApp.csproj", "{3D0B8281-F650-4F3B-8C40-34160CFF5BCE}"
EndProject
Global
	GlobalSection(SolutionConfigurationPlatforms) = preSolution
		Debug|Any CPU = Debug|Any CPU
		Release|Any CPU = Release|Any CPU
	EndGlobalSection
	GlobalSection(ProjectConfigurationPlatforms) = postSolution
		{4DC788F1-F0F7-49DB-B022-7F29C317342B}.Debug|Any CPU.ActiveCfg = Debug|Any CPU
		{4DC788F1-F0F7-49DB-B022-7F29C317342B}.Debug|Any CPU.Build.0 = Debug|Any CPU
		{4DC788F1-F0F7-49DB-B022-7F29C317342B}.Release|Any CPU.ActiveCfg = Release|Any CPU
		{4DC788F1-F0F7-49DB-B022-7F29C317342B}.Release|Any CPU.Build.0 = Release|Any CPU
		{7ACAE757-878F-49AD-BE9F-C192A062142F}.Debug|Any CPU.ActiveCfg = Debug|Any CPU
		{7ACAE757-878F-49AD-BE9F-C192A062142F}.Debug|Any CPU.Build.0 = Debug|Any CPU
		{7ACAE757-878F-49AD-BE9F-C192A062142F}.Release|Any CPU.ActiveCfg = Release|Any CPU
		{7ACAE757-878F-49AD-BE9F-C192A062142F}.Release|Any CPU.Build.0 = Release|Any CPU
		{9FE4C0D0-0701-4F2F-B106-401946FB69ED}.Debug|Any CPU.ActiveCfg = Debug|Any CPU
		{9FE4C0D0-0701-4F2F-B106-401946FB69ED}.Debug|Any CPU.Build.0 = Debug|Any CPU
		{9FE4C0D0-0701-4F2F-B106-401946FB69ED}.Release|Any CPU.ActiveCfg = Release|Any CPU
		{9FE4C0D0-0701-4F2F-B106-401946FB69ED}.Release|Any CPU.Build.0 = Release|Any CPU
		{62D25051-715B-4EFC-8A76-9B9EC8C3021C}.Debug|Any CPU.ActiveCfg = Debug|Any CPU
		{62D25051-715B-4EFC-8A76-9B9EC8C3021C}.Debug|Any CPU.Build.0 = Debug|Any CPU
		{62D25051-715B-4EFC-8A76-9B9EC8C3021C}.Release|Any CPU.ActiveCfg = Release|Any CPU
		{62D25051-715B-4EFC-8A76-9B9EC8C3021C}.Release|Any CPU.Build.0 = Release|Any CPU
		{755ED57B-A905-4408-86DC-78DF1206CD10}.Debug|Any CPU.ActiveCfg = Debug|Any CPU
		{755ED57B-A905-4408-86DC-78DF1206CD10}.Debug|Any CPU.Build.0 = Debug|Any CPU
		{755ED57B-A905-4408-86DC-78DF1206CD10}.Release|Any CPU.ActiveCfg = Release|Any CPU
		{755ED57B-A905-4408-86DC-78DF1206CD10}.Release|Any CPU.Build.0 = Release|Any CPU
		{3D0B8281-F650-4F3B-8C40-34160CFF5BCE}.Debug|Any CPU.ActiveCfg = Debug|Any CPU
		{3D0B8281-F650-4F3B-8C40-34160CFF5BCE}.Debug|Any CPU.Build.0 = Debug|Any CPU
		{3D0B8281-F650-4F3B-8C40-34160CFF5BCE}.Release|Any CPU.ActiveCfg = Release|Any CPU
		{3D0B8281-F650-4F3B-8C40-34160CFF5BCE}.Release|Any CPU.Build.0 = Release|Any CPU
	EndGlobalSection
	GlobalSection(SolutionProperties) = preSolution
		HideSolutionNode = FALSE
	EndGlobalSection
	GlobalSection(ExtensibilityGlobals) = postSolution
		SolutionGuid = {5C1D70A2-67C2-41A1-8468-4C7E8BF5CE13}
	EndGlobalSection
EndGlobal
